
Microsoft Visual Studio Solution File, Format Version 12.00
# Visual Studio 14
VisualStudioVersion = 14.0.25420.1
MinimumVisualStudioVersion = 10.0.40219.1
Project("{FAE04EC0-301F-11D3-BF4B-00C04F79EFBC}") = "K - 2 vienas", "K - 2 vienas.csproj", "{D115CF2D-91C1-4DF1-BBD5-214A923A588B}"
EndProject
Global
	GlobalSection(SolutionConfigurationPlatforms) = preSolution
		Debug|Any CPU = Debug|Any CPU
		Release|Any CPU = Release|Any CPU
	EndGlobalSection
	GlobalSection(ProjectConfigurationPlatforms) = postSolution
		{D115CF2D-91C1-4DF1-BBD5-214A923A588B}.Debug|Any CPU.ActiveCfg = Debug|Any CPU
		{D115CF2D-91C1-4DF1-BBD5-214A923A588B}.Debug|Any CPU.Build.0 = Debug|Any CPU
		{D115CF2D-91C1-4DF1-BBD5-214A923A588B}.Release|Any CPU.ActiveCfg = Release|Any CPU
		{D115CF2D-91C1-4DF1-BBD5-214A923A588B}.Release|Any CPU.Build.0 = Release|Any CPU
	EndGlobalSection
	GlobalSection(SolutionProperties) = preSolution
		HideSolutionNode = FALSE
	EndGlobalSection
EndGlobal
